GIT
  remote: git@gitlab.anu.edu.au:jekyll-anu/gems/jekyll-plugins-anu.git
  revision: 3740206291754867c8dd8e21df3d35bf10fbce02
  tag: v2.2.1
  specs:
    jekyll-plugins-anu (2.2.1)
      classifier-reborn
      html-proofer
      jekyll
      jekyll-autoprefixer-re
      jekyll-fontawesome-svg
      jekyll-seo-tag
      mini_racer

GIT
  remote: git@gitlab.anu.edu.au:jekyll-anu/gems/jekyll-revealify-plugin.git
  revision: 808c4a4846b03f7d27ee9a7873b5594f2c42f734
  ref: 808c4a48
  specs:
    jekyll-revealify-plugin (2.1.0)
      jekyll
      nokogiri

GIT
  remote: git@gitlab.anu.edu.au:jekyll-anu/gems/jekyll-theme-anu.git
  revision: daf6f76df20e3bf2d96001311b5165cd9a16cfa7
  branch: v2.2.1
  specs:
    jekyll-theme-anu (2.2.1)
      jekyll

GEM
  remote: https://rubygems.org/
  specs:
    addressable (2.8.0)
      public_suffix (>= 2.0.2, < 5.0)
    autoprefixer-rails (10.2.5.1)
      execjs (> 0)
    classifier-reborn (2.2.0)
      fast-stemmer (~> 1.0)
    colorator (1.1.0)
    concurrent-ruby (1.1.9)
    em-websocket (0.5.3)
      eventmachine (>= 0.12.9)
      http_parser.rb (~> 0)
    ethon (0.15.0)
      ffi (>= 1.15.0)
    eventmachine (1.2.7)
    execjs (2.8.1)
    fast-stemmer (1.0.2)
    ffi (1.15.5)
    forwardable-extended (2.6.0)
    html-proofer (3.19.3)
      addressable (~> 2.3)
      mercenary (~> 0.3)
      nokogiri (~> 1.12)
      parallel (~> 1.3)
      rainbow (~> 3.0)
      typhoeus (~> 1.3)
      yell (~> 2.0)
    http_parser.rb (0.8.0)
    i18n (1.10.0)
      concurrent-ruby (~> 1.0)
    jekyll (4.2.2)
      addressable (~> 2.4)
      colorator (~> 1.0)
      em-websocket (~> 0.5)
      i18n (~> 1.0)
      jekyll-sass-converter (~> 2.0)
      jekyll-watch (~> 2.0)
      kramdown (~> 2.3)
      kramdown-parser-gfm (~> 1.0)
      liquid (~> 4.0)
      mercenary (~> 0.4.0)
      pathutil (~> 0.9)
      rouge (~> 3.0)
      safe_yaml (~> 1.0)
      terminal-table (~> 2.0)
    jekyll-autoprefixer-re (1.0.2)
      autoprefixer-rails (~> 10.2.5.1)
    jekyll-fontawesome-svg (0.3.4)
    jekyll-sass-converter (2.2.0)
      sassc (> 2.0.1, < 3.0)
    jekyll-seo-tag (2.8.0)
      jekyll (>= 3.8, < 5.0)
    jekyll-watch (2.2.1)
      listen (~> 3.0)
    kramdown (2.3.1)
      rexml
    kramdown-parser-gfm (1.1.0)
      kramdown (~> 2.0)
    libv8-node (16.10.0.0)
    liquid (4.0.3)
    listen (3.7.1)
      rb-fsevent (~> 0.10, >= 0.10.3)
      rb-inotify (~> 0.9, >= 0.9.10)
    mercenary (0.4.0)
    mini_portile2 (2.8.0)
    mini_racer (0.6.2)
      libv8-node (~> 16.10.0.0)
    nokogiri (1.13.3)
      mini_portile2 (~> 2.8.0)
      racc (~> 1.4)
    parallel (1.21.0)
    pathutil (0.16.2)
      forwardable-extended (~> 2.6)
    public_suffix (4.0.6)
    racc (1.6.0)
    rainbow (3.1.1)
    rb-fsevent (0.11.1)
    rb-inotify (0.10.1)
      ffi (~> 1.0)
    rexml (3.2.5)
    rouge (3.28.0)
    safe_yaml (1.0.5)
    sassc (2.4.0)
      ffi (~> 1.9)
    terminal-table (2.0.0)
      unicode-display_width (~> 1.1, >= 1.1.1)
    typhoeus (1.4.0)
      ethon (>= 0.9.0)
    unicode-display_width (1.8.0)
    webrick (1.7.0)
    yell (2.2.2)

PLATFORMS
  ruby

DEPENDENCIES
  jekyll (~> 4.2)
  jekyll-plugins-anu!
  jekyll-revealify-plugin!
  jekyll-theme-anu!
  webrick

BUNDLED WITH
   2.2.32
